
Microsoft Visual Studio Solution File, Format Version 12.00
# Visual Studio Version 17
VisualStudioVersion = 17.14.36518.9
MinimumVisualStudioVersion = 10.0.40219.1
Project("{2150E333-8FDC-42A3-9474-1A3956D46DE8}") = "src", "src", "{02EA681E-C7D8-13C7-8484-4AC65E1B71E8}"
EndProject
Project("{2150E333-8FDC-42A3-9474-1A3956D46DE8}") = "Elementos de la solución", "Elementos de la solución", "{D107F4C8-89CC-BEA8-D3D7-CA6B7733353D}"
	ProjectSection(SolutionItems) = preProject
		.env = .env
		.gitignore = .gitignore
		docker-compose.yml = docker-compose.yml
	EndProjectSection
EndProject
Project("{FAE04EC0-301F-11D3-BF4B-00C04F79EFBC}") = "KioscoPro.Api", "src\KioscoPro.Api\KioscoPro.Api.csproj", "{C96BA087-3ED8-633A-D2AD-7B2C30BEE788}"
EndProject
Project("{FAE04EC0-301F-11D3-BF4B-00C04F79EFBC}") = "KioscoPro.Application", "src\KioscoPro.Application\KioscoPro.Application.csproj", "{0F48C0D6-454A-F40B-D146-77E082C9F3B4}"
EndProject
Project("{FAE04EC0-301F-11D3-BF4B-00C04F79EFBC}") = "KioscoPro.Domain", "src\KioscoPro.Domain\KioscoPro.Domain.csproj", "{C7AAF8B9-3ED9-5B78-9E73-671DEBBB092F}"
EndProject
Project("{FAE04EC0-301F-11D3-BF4B-00C04F79EFBC}") = "KioscoPro.Infrastructure", "src\KioscoPro.Infrastructure\KioscoPro.Infrastructure.csproj", "{CA794090-109F-B477-4777-D84EDA582619}"
EndProject
Global
	GlobalSection(SolutionConfigurationPlatforms) = preSolution
		Debug|Any CPU = Debug|Any CPU
		Release|Any CPU = Release|Any CPU
	EndGlobalSection
	GlobalSection(ProjectConfigurationPlatforms) = postSolution
		{C96BA087-3ED8-633A-D2AD-7B2C30BEE788}.Debug|Any CPU.ActiveCfg = Debug|Any CPU
		{C96BA087-3ED8-633A-D2AD-7B2C30BEE788}.Debug|Any CPU.Build.0 = Debug|Any CPU
		{C96BA087-3ED8-633A-D2AD-7B2C30BEE788}.Release|Any CPU.ActiveCfg = Release|Any CPU
		{C96BA087-3ED8-633A-D2AD-7B2C30BEE788}.Release|Any CPU.Build.0 = Release|Any CPU
		{0F48C0D6-454A-F40B-D146-77E082C9F3B4}.Debug|Any CPU.ActiveCfg = Debug|Any CPU
		{0F48C0D6-454A-F40B-D146-77E082C9F3B4}.Debug|Any CPU.Build.0 = Debug|Any CPU
		{0F48C0D6-454A-F40B-D146-77E082C9F3B4}.Release|Any CPU.ActiveCfg = Release|Any CPU
		{0F48C0D6-454A-F40B-D146-77E082C9F3B4}.Release|Any CPU.Build.0 = Release|Any CPU
		{C7AAF8B9-3ED9-5B78-9E73-671DEBBB092F}.Debug|Any CPU.ActiveCfg = Debug|Any CPU
		{C7AAF8B9-3ED9-5B78-9E73-671DEBBB092F}.Debug|Any CPU.Build.0 = Debug|Any CPU
		{C7AAF8B9-3ED9-5B78-9E73-671DEBBB092F}.Release|Any CPU.ActiveCfg = Release|Any CPU
		{C7AAF8B9-3ED9-5B78-9E73-671DEBBB092F}.Release|Any CPU.Build.0 = Release|Any CPU
		{CA794090-109F-B477-4777-D84EDA582619}.Debug|Any CPU.ActiveCfg = Debug|Any CPU
		{CA794090-109F-B477-4777-D84EDA582619}.Debug|Any CPU.Build.0 = Debug|Any CPU
		{CA794090-109F-B477-4777-D84EDA582619}.Release|Any CPU.ActiveCfg = Release|Any CPU
		{CA794090-109F-B477-4777-D84EDA582619}.Release|Any CPU.Build.0 = Release|Any CPU
	EndGlobalSection
	GlobalSection(SolutionProperties) = preSolution
		HideSolutionNode = FALSE
	EndGlobalSection
	GlobalSection(NestedProjects) = preSolution
		{C96BA087-3ED8-633A-D2AD-7B2C30BEE788} = {02EA681E-C7D8-13C7-8484-4AC65E1B71E8}
		{0F48C0D6-454A-F40B-D146-77E082C9F3B4} = {02EA681E-C7D8-13C7-8484-4AC65E1B71E8}
		{C7AAF8B9-3ED9-5B78-9E73-671DEBBB092F} = {02EA681E-C7D8-13C7-8484-4AC65E1B71E8}
		{CA794090-109F-B477-4777-D84EDA582619} = {02EA681E-C7D8-13C7-8484-4AC65E1B71E8}
	EndGlobalSection
	GlobalSection(ExtensibilityGlobals) = postSolution
		SolutionGuid = {E8CF828A-737C-4108-B9F3-63DE856EAD46}
	EndGlobalSection
EndGlobal
